
Microsoft Visual Studio Solution File, Format Version 12.00
# Visual Studio Version 17
VisualStudioVersion = 17.12.35527.113 d17.12
MinimumVisualStudioVersion = 10.0.40219.1
Project("{FAE04EC0-301F-11D3-BF4B-00C04F79EFBC}") = "Day2", "Day2\Day2.csproj", "{EAE39347-CF8E-4D46-AB52-FF6339757447}"
EndProject
Global
	GlobalSection(SolutionConfigurationPlatforms) = preSolution
		Debug|Any CPU = Debug|Any CPU
		Release|Any CPU = Release|Any CPU
	EndGlobalSection
	GlobalSection(ProjectConfigurationPlatforms) = postSolution
		{EAE39347-CF8E-4D46-AB52-FF6339757447}.Debug|Any CPU.ActiveCfg = Debug|Any CPU
		{EAE39347-CF8E-4D46-AB52-FF6339757447}.Debug|Any CPU.Build.0 = Debug|Any CPU
		{EAE39347-CF8E-4D46-AB52-FF6339757447}.Release|Any CPU.ActiveCfg = Release|Any CPU
		{EAE39347-CF8E-4D46-AB52-FF6339757447}.Release|Any CPU.Build.0 = Release|Any CPU
	EndGlobalSection
	GlobalSection(SolutionProperties) = preSolution
		HideSolutionNode = FALSE
	EndGlobalSection
EndGlobal
